
Microsoft Visual Studio Solution File, Format Version 12.00
Project("{FAE04EC0-301F-11D3-BF4B-00C04F79EFBC}") = "Tidalwave", "Tidalwave\Tidalwave.csproj", "{FC7E4CF0-0480-4944-B141-8FBA4D0006CA}"
EndProject
Project("{FAE04EC0-301F-11D3-BF4B-00C04F79EFBC}") = "Tidalwave.Generators", "Tidalwave.Generators\Tidalwave.Generators.csproj", "{DE27D01B-1209-44A5-AFBC-974DA97417FB}"
EndProject
Global
	GlobalSection(SolutionConfigurationPlatforms) = preSolution
		Debug|Any CPU = Debug|Any CPU
		Debug|x64 = Debug|x64
		Debug|x86 = Debug|x86
		Release|Any CPU = Release|Any CPU
		Release|x64 = Release|x64
		Release|x86 = Release|x86
	EndGlobalSection
	GlobalSection(ProjectConfigurationPlatforms) = postSolution
		{FC7E4CF0-0480-4944-B141-8FBA4D0006CA}.Debug|Any CPU.ActiveCfg = Debug|Any CPU
		{FC7E4CF0-0480-4944-B141-8FBA4D0006CA}.Debug|Any CPU.Build.0 = Debug|Any CPU
		{FC7E4CF0-0480-4944-B141-8FBA4D0006CA}.Debug|x64.ActiveCfg = Debug|Any CPU
		{FC7E4CF0-0480-4944-B141-8FBA4D0006CA}.Debug|x64.Build.0 = Debug|Any CPU
		{FC7E4CF0-0480-4944-B141-8FBA4D0006CA}.Debug|x86.ActiveCfg = Debug|Any CPU
		{FC7E4CF0-0480-4944-B141-8FBA4D0006CA}.Debug|x86.Build.0 = Debug|Any CPU
		{FC7E4CF0-0480-4944-B141-8FBA4D0006CA}.Release|Any CPU.ActiveCfg = Release|Any CPU
		{FC7E4CF0-0480-4944-B141-8FBA4D0006CA}.Release|Any CPU.Build.0 = Release|Any CPU
		{FC7E4CF0-0480-4944-B141-8FBA4D0006CA}.Release|x64.ActiveCfg = Release|Any CPU
		{FC7E4CF0-0480-4944-B141-8FBA4D0006CA}.Release|x64.Build.0 = Release|Any CPU
		{FC7E4CF0-0480-4944-B141-8FBA4D0006CA}.Release|x86.ActiveCfg = Release|Any CPU
		{FC7E4CF0-0480-4944-B141-8FBA4D0006CA}.Release|x86.Build.0 = Release|Any CPU
		{DE27D01B-1209-44A5-AFBC-974DA97417FB}.Debug|Any CPU.ActiveCfg = Debug|Any CPU
		{DE27D01B-1209-44A5-AFBC-974DA97417FB}.Debug|Any CPU.Build.0 = Debug|Any CPU
		{DE27D01B-1209-44A5-AFBC-974DA97417FB}.Debug|x64.ActiveCfg = Debug|Any CPU
		{DE27D01B-1209-44A5-AFBC-974DA97417FB}.Debug|x64.Build.0 = Debug|Any CPU
		{DE27D01B-1209-44A5-AFBC-974DA97417FB}.Debug|x86.ActiveCfg = Debug|Any CPU
		{DE27D01B-1209-44A5-AFBC-974DA97417FB}.Debug|x86.Build.0 = Debug|Any CPU
		{DE27D01B-1209-44A5-AFBC-974DA97417FB}.Release|Any CPU.ActiveCfg = Release|Any CPU
		{DE27D01B-1209-44A5-AFBC-974DA97417FB}.Release|Any CPU.Build.0 = Release|Any CPU
		{DE27D01B-1209-44A5-AFBC-974DA97417FB}.Release|x64.ActiveCfg = Release|Any CPU
		{DE27D01B-1209-44A5-AFBC-974DA97417FB}.Release|x64.Build.0 = Release|Any CPU
		{DE27D01B-1209-44A5-AFBC-974DA97417FB}.Release|x86.ActiveCfg = Release|Any CPU
		{DE27D01B-1209-44A5-AFBC-974DA97417FB}.Release|x86.Build.0 = Release|Any CPU
	EndGlobalSection
	GlobalSection(SolutionProperties) = preSolution
		HideSolutionNode = FALSE
	EndGlobalSection
EndGlobal
